
Microsoft Visual Studio Solution File, Format Version 12.00
# Visual Studio Version 17
VisualStudioVersion = 17.2.32630.192
MinimumVisualStudioVersion = 10.0.40219.1
Project("{FAE04EC0-301F-11D3-BF4B-00C04F79EFBC}") = "CryptoAvenue", "CryptoAvenue\CryptoAvenue.csproj", "{345C4642-8748-4431-A4C0-01A08FBF7DDA}"
EndProject
Global
	GlobalSection(SolutionConfigurationPlatforms) = preSolution
		Debug|Any CPU = Debug|Any CPU
		Release|Any CPU = Release|Any CPU
	EndGlobalSection
	GlobalSection(ProjectConfigurationPlatforms) = postSolution
		{345C4642-8748-4431-A4C0-01A08FBF7DDA}.Debug|Any CPU.ActiveCfg = Debug|Any CPU
		{345C4642-8748-4431-A4C0-01A08FBF7DDA}.Debug|Any CPU.Build.0 = Debug|Any CPU
		{345C4642-8748-4431-A4C0-01A08FBF7DDA}.Release|Any CPU.ActiveCfg = Release|Any CPU
		{345C4642-8748-4431-A4C0-01A08FBF7DDA}.Release|Any CPU.Build.0 = Release|Any CPU
	EndGlobalSection
	GlobalSection(SolutionProperties) = preSolution
		HideSolutionNode = FALSE
	EndGlobalSection
	GlobalSection(ExtensibilityGlobals) = postSolution
		SolutionGuid = {48602496-26AD-4283-B7DB-2CDD14F651EA}
	EndGlobalSection
EndGlobal
