
Microsoft Visual Studio Solution File, Format Version 12.00
# Visual Studio Version 17
VisualStudioVersion = 17.2.32630.192
MinimumVisualStudioVersion = 10.0.40219.1
Project("{FAE04EC0-301F-11D3-BF4B-00C04F79EFBC}") = "CryptoAvenueBE2", "CryptoAvenueBE2\CryptoAvenueBE2.csproj", "{03DF372E-2811-4A2C-9000-CC172BA2B388}"
EndProject
Project("{FAE04EC0-301F-11D3-BF4B-00C04F79EFBC}") = "CryptoAvenue.Dal", "CryptoAvenue.Dal\CryptoAvenue.Dal.csproj", "{4D640F16-1F88-4ED6-B9B6-469A6D93C709}"
EndProject
Project("{FAE04EC0-301F-11D3-BF4B-00C04F79EFBC}") = "CryptoAvenue.Domain", "CryptoAvenue.Domain\CryptoAvenue.Domain.csproj", "{44BB6E26-E33C-4228-A1E8-EC41E7BD0057}"
EndProject
Global
	GlobalSection(SolutionConfigurationPlatforms) = preSolution
		Debug|Any CPU = Debug|Any CPU
		Release|Any CPU = Release|Any CPU
	EndGlobalSection
	GlobalSection(ProjectConfigurationPlatforms) = postSolution
		{03DF372E-2811-4A2C-9000-CC172BA2B388}.Debug|Any CPU.ActiveCfg = Debug|Any CPU
		{03DF372E-2811-4A2C-9000-CC172BA2B388}.Debug|Any CPU.Build.0 = Debug|Any CPU
		{03DF372E-2811-4A2C-9000-CC172BA2B388}.Release|Any CPU.ActiveCfg = Release|Any CPU
		{03DF372E-2811-4A2C-9000-CC172BA2B388}.Release|Any CPU.Build.0 = Release|Any CPU
		{4D640F16-1F88-4ED6-B9B6-469A6D93C709}.Debug|Any CPU.ActiveCfg = Debug|Any CPU
		{4D640F16-1F88-4ED6-B9B6-469A6D93C709}.Debug|Any CPU.Build.0 = Debug|Any CPU
		{4D640F16-1F88-4ED6-B9B6-469A6D93C709}.Release|Any CPU.ActiveCfg = Release|Any CPU
		{4D640F16-1F88-4ED6-B9B6-469A6D93C709}.Release|Any CPU.Build.0 = Release|Any CPU
		{44BB6E26-E33C-4228-A1E8-EC41E7BD0057}.Debug|Any CPU.ActiveCfg = Debug|Any CPU
		{44BB6E26-E33C-4228-A1E8-EC41E7BD0057}.Debug|Any CPU.Build.0 = Debug|Any CPU
		{44BB6E26-E33C-4228-A1E8-EC41E7BD0057}.Release|Any CPU.ActiveCfg = Release|Any CPU
		{44BB6E26-E33C-4228-A1E8-EC41E7BD0057}.Release|Any CPU.Build.0 = Release|Any CPU
	EndGlobalSection
	GlobalSection(SolutionProperties) = preSolution
		HideSolutionNode = FALSE
	EndGlobalSection
	GlobalSection(ExtensibilityGlobals) = postSolution
		SolutionGuid = {E1EA67DE-84F6-4BC5-9043-A92B3F05CCA4}
	EndGlobalSection
EndGlobal
