
Microsoft Visual Studio Solution File, Format Version 12.00
# Visual Studio Version 17
VisualStudioVersion = 17.2.32630.192
MinimumVisualStudioVersion = 10.0.40219.1
Project("{FAE04EC0-301F-11D3-BF4B-00C04F79EFBC}") = "CryptoAvenueBE", "CryptoAvenueBE\CryptoAvenueBE.csproj", "{D38AB84F-6F86-4DBC-BA21-1E4D0A025CAE}"
EndProject
Global
	GlobalSection(SolutionConfigurationPlatforms) = preSolution
		Debug|Any CPU = Debug|Any CPU
		Release|Any CPU = Release|Any CPU
	EndGlobalSection
	GlobalSection(ProjectConfigurationPlatforms) = postSolution
		{D38AB84F-6F86-4DBC-BA21-1E4D0A025CAE}.Debug|Any CPU.ActiveCfg = Debug|Any CPU
		{D38AB84F-6F86-4DBC-BA21-1E4D0A025CAE}.Debug|Any CPU.Build.0 = Debug|Any CPU
		{D38AB84F-6F86-4DBC-BA21-1E4D0A025CAE}.Release|Any CPU.ActiveCfg = Release|Any CPU
		{D38AB84F-6F86-4DBC-BA21-1E4D0A025CAE}.Release|Any CPU.Build.0 = Release|Any CPU
	EndGlobalSection
	GlobalSection(SolutionProperties) = preSolution
		HideSolutionNode = FALSE
	EndGlobalSection
	GlobalSection(ExtensibilityGlobals) = postSolution
		SolutionGuid = {D30AAC59-61A3-49A6-9681-A7644A6DC7CE}
	EndGlobalSection
EndGlobal
